
Microsoft Visual Studio Solution File, Format Version 12.00
# Visual Studio 15
VisualStudioVersion = 15.0.27004.2009
MinimumVisualStudioVersion = 10.0.40219.1
Project("{FAE04EC0-301F-11D3-BF4B-00C04F79EFBC}") = "TextFileConverter.Console", "TextFileConverter.Console\TextFileConverter.Console.csproj", "{F3632E52-D4A6-475B-8EA6-7F9BA91D54BE}"
EndProject
Global
	GlobalSection(SolutionConfigurationPlatforms) = preSolution
		Debug|Any CPU = Debug|Any CPU
		Release|Any CPU = Release|Any CPU
	EndGlobalSection
	GlobalSection(ProjectConfigurationPlatforms) = postSolution
		{F3632E52-D4A6-475B-8EA6-7F9BA91D54BE}.Debug|Any CPU.ActiveCfg = Debug|Any CPU
		{F3632E52-D4A6-475B-8EA6-7F9BA91D54BE}.Debug|Any CPU.Build.0 = Debug|Any CPU
		{F3632E52-D4A6-475B-8EA6-7F9BA91D54BE}.Release|Any CPU.ActiveCfg = Release|Any CPU
		{F3632E52-D4A6-475B-8EA6-7F9BA91D54BE}.Release|Any CPU.Build.0 = Release|Any CPU
	EndGlobalSection
	GlobalSection(SolutionProperties) = preSolution
		HideSolutionNode = FALSE
	EndGlobalSection
	GlobalSection(ExtensibilityGlobals) = postSolution
		SolutionGuid = {6F17B589-A534-4291-9ADA-CFC4070DE1F7}
	EndGlobalSection
EndGlobal
